{
  "name": "i18n-cn-autotrans-loader",
  "version": "1.2.9",
  "lockfileVersion": 1,
  "requires": true,
  "dependencies": {
    "blueimp-md5": {
      "version": "git+https://github.com/blueimp/JavaScript-MD5.git#da202aebc0436c715e074525affc4e9416309fc3",
      "from": "git+https://github.com/blueimp/JavaScript-MD5.git"
    },
    "chinese-s2t": {
      "version": "git+https://github.com/foru17/chinese-s2t.git#d015de308590a0ae1291292c7c5d46c04784670c",
      "from": "git+https://github.com/foru17/chinese-s2t.git"
    }
  }
}
